
Microsoft Visual Studio Solution File, Format Version 12.00
Project("{FAE04EC0-301F-11D3-BF4B-00C04F79EFBC}") = "DateAppCSharp", "DateAppCSharp.csproj", "{B981D210-24AA-4BC0-BB10-C210E5AA459F}"
EndProject
Global
	GlobalSection(SolutionConfigurationPlatforms) = preSolution
		Debug|Any CPU = Debug|Any CPU
		Release|Any CPU = Release|Any CPU
	EndGlobalSection
	GlobalSection(ProjectConfigurationPlatforms) = postSolution
		{B981D210-24AA-4BC0-BB10-C210E5AA459F}.Debug|Any CPU.ActiveCfg = Debug|Any CPU
		{B981D210-24AA-4BC0-BB10-C210E5AA459F}.Debug|Any CPU.Build.0 = Debug|Any CPU
		{B981D210-24AA-4BC0-BB10-C210E5AA459F}.Release|Any CPU.ActiveCfg = Release|Any CPU
		{B981D210-24AA-4BC0-BB10-C210E5AA459F}.Release|Any CPU.Build.0 = Release|Any CPU
	EndGlobalSection
EndGlobal
